<?xml version="1.0" encoding="utf-8"?>
<Project ToolsVersion="4.0" xmlns="http://schemas.microsoft.com/developer/msbuild/2003">
  <ItemGroup>
    <Filter Include="Source Files">
      <UniqueIdentifier>{4FC737F1-C7A5-4376-A066-2A32D752A2FF}</UniqueIdentifier>
      <Extensions>cpp;c;cc;cxx;def;odl;idl;hpj;bat;asm;asmx</Extensions>
    </Filter>
    <Filter Include="Header Files">
      <UniqueIdentifier>{93995380-89BD-4b04-88EB-625FBE52EBFB}</UniqueIdentifier>
      <Extensions>h;hh;hpp;hxx;hm;inl;inc;xsd</Extensions>
    </Filter>
    <Filter Include="Resource Files">
      <UniqueIdentifier>{67DA6AB6-F800-4c08-8B7A-83BB121AAD01}</UniqueIdentifier>
      <Extensions>rc;ico;cur;bmp;dlg;rc2;rct;bin;rgs;gif;jpg;jpeg;jpe;resx;tiff;tif;png;wav;mfcribbon-ms</Extensions>
    </Filter>
    <Filter Include="Source Files\AlgorithmTests">
      <UniqueIdentifier>{36fc1b04-000e-4d4c-ad75-c6e5e779d4b5}</UniqueIdentifier>
    </Filter>
    <Filter Include="Source Files\FunctionalTests">
      <UniqueIdentifier>{9465e172-d2ab-42d7-9cfc-1ccb954855c9}</UniqueIdentifier>
    </Filter>
    <Filter Include="Source Files\GeneratorTests">
      <UniqueIdentifier>{219885a1-d915-4ded-9fd4-120e9c29f44b}</UniqueIdentifier>
    </Filter>
  </ItemGroup>
  <ItemGroup>
    <ClInclude Include="..\pintest.hpp">
      <Filter>Header Files</Filter>
    </ClInclude>
    <ClInclude Include="..\utils.h">
      <Filter>Header Files</Filter>
    </ClInclude>
  </ItemGroup>
  <ItemGroup>
    <ClCompile Include="..\zip_test.cpp">
      <Filter>Source Files\AlgorithmTests</Filter>
    </ClCompile>
    <ClCompile Include="..\accumulate_test.cpp">
      <Filter>Source Files\AlgorithmTests</Filter>
    </ClCompile>
    <ClCompile Include="..\chaining_test.cpp">
      <Filter>Source Files\AlgorithmTests</Filter>
    </ClCompile>
    <ClCompile Include="..\drop_test.cpp">
      <Filter>Source Files\AlgorithmTests</Filter>
    </ClCompile>
    <ClCompile Include="..\filter_test.cpp">
      <Filter>Source Files\AlgorithmTests</Filter>
    </ClCompile>
    <ClCompile Include="..\fold_test.cpp">
      <Filter>Source Files\AlgorithmTests</Filter>
    </ClCompile>
    <ClCompile Include="..\logical_test.cpp">
      <Filter>Source Files\AlgorithmTests</Filter>
    </ClCompile>
    <ClCompile Include="..\map_test.cpp">
      <Filter>Source Files\AlgorithmTests</Filter>
    </ClCompile>
    <ClCompile Include="..\numeric_test.cpp">
      <Filter>Source Files\AlgorithmTests</Filter>
    </ClCompile>
    <ClCompile Include="..\take_test.cpp">
      <Filter>Source Files\AlgorithmTests</Filter>
    </ClCompile>
    <ClCompile Include="..\negate_test.cpp">
      <Filter>Source Files\FunctionalTests</Filter>
    </ClCompile>
    <ClCompile Include="..\countdown_test.cpp">
      <Filter>Source Files\FunctionalTests</Filter>
    </ClCompile>
    <ClCompile Include="..\counter_test.cpp">
      <Filter>Source Files\FunctionalTests</Filter>
    </ClCompile>
    <ClCompile Include="..\count_test.cpp">
      <Filter>Source Files\GeneratorTests</Filter>
    </ClCompile>
    <ClCompile Include="..\repeat_test.cpp">
      <Filter>Source Files\GeneratorTests</Filter>
    </ClCompile>
    <ClCompile Include="..\to_generator_test.cpp">
      <Filter>Source Files\GeneratorTests</Filter>
    </ClCompile>
    <ClCompile Include="..\custom_generator_test.cpp">
      <Filter>Source Files</Filter>
    </ClCompile>
    <ClCompile Include="..\for_each_test.cpp">
      <Filter>Source Files\AlgorithmTests</Filter>
    </ClCompile>
    <ClCompile Include="..\constant_test.cpp">
      <Filter>Source Files\FunctionalTests</Filter>
    </ClCompile>
  </ItemGroup>
</Project>